
Microsoft Visual Studio Solution File, Format Version 12.00
# Visual Studio Version 16
VisualStudioVersion = 16.0.30907.101
MinimumVisualStudioVersion = 10.0.40219.1
Project("{FAE04EC0-301F-11D3-BF4B-00C04F79EFBC}") = "Appsettings", "Appsettings\Appsettings.csproj", "{82902ECB-A9D6-4A14-8A99-FBAAA537C321}"
EndProject
Global
	GlobalSection(SolutionConfigurationPlatforms) = preSolution
		Debug|Any CPU = Debug|Any CPU
		Release|Any CPU = Release|Any CPU
	EndGlobalSection
	GlobalSection(ProjectConfigurationPlatforms) = postSolution
		{82902ECB-A9D6-4A14-8A99-FBAAA537C321}.Debug|Any CPU.ActiveCfg = Debug|Any CPU
		{82902ECB-A9D6-4A14-8A99-FBAAA537C321}.Debug|Any CPU.Build.0 = Debug|Any CPU
		{82902ECB-A9D6-4A14-8A99-FBAAA537C321}.Release|Any CPU.ActiveCfg = Release|Any CPU
		{82902ECB-A9D6-4A14-8A99-FBAAA537C321}.Release|Any CPU.Build.0 = Release|Any CPU
	EndGlobalSection
	GlobalSection(SolutionProperties) = preSolution
		HideSolutionNode = FALSE
	EndGlobalSection
	GlobalSection(ExtensibilityGlobals) = postSolution
		SolutionGuid = {74628269-6667-4B02-8A03-4A6AE698473A}
	EndGlobalSection
EndGlobal
